
Microsoft Visual Studio Solution File, Format Version 12.00
# Visual Studio 14
VisualStudioVersion = 14.0.25420.1
MinimumVisualStudioVersion = 10.0.40219.1
Project("{FAE04EC0-301F-11D3-BF4B-00C04F79EFBC}") = "SportsStore.Domain", "SportsStore.Domain\SportsStore.Domain.csproj", "{4884D9A7-7551-46D5-A908-3A5129977921}"
EndProject
Project("{FAE04EC0-301F-11D3-BF4B-00C04F79EFBC}") = "SportsStore.WebUI", "SportsStore.WebUI\SportsStore.WebUI.csproj", "{D1CBBAE1-9693-4497-BC8C-D7D0FAD433E8}"
EndProject
Project("{FAE04EC0-301F-11D3-BF4B-00C04F79EFBC}") = "SportsStore.UnitTests", "SportsStore.UnitTests\SportsStore.UnitTests.csproj", "{56C1B76C-7945-433F-BB6C-1ED234D8E1C7}"
EndProject
Global
	GlobalSection(SolutionConfigurationPlatforms) = preSolution
		Debug|Any CPU = Debug|Any CPU
		Release|Any CPU = Release|Any CPU
	EndGlobalSection
	GlobalSection(ProjectConfigurationPlatforms) = postSolution
		{4884D9A7-7551-46D5-A908-3A5129977921}.Debug|Any CPU.ActiveCfg = Debug|Any CPU
		{4884D9A7-7551-46D5-A908-3A5129977921}.Debug|Any CPU.Build.0 = Debug|Any CPU
		{4884D9A7-7551-46D5-A908-3A5129977921}.Release|Any CPU.ActiveCfg = Release|Any CPU
		{4884D9A7-7551-46D5-A908-3A5129977921}.Release|Any CPU.Build.0 = Release|Any CPU
		{D1CBBAE1-9693-4497-BC8C-D7D0FAD433E8}.Debug|Any CPU.ActiveCfg = Debug|Any CPU
		{D1CBBAE1-9693-4497-BC8C-D7D0FAD433E8}.Debug|Any CPU.Build.0 = Debug|Any CPU
		{D1CBBAE1-9693-4497-BC8C-D7D0FAD433E8}.Release|Any CPU.ActiveCfg = Release|Any CPU
		{D1CBBAE1-9693-4497-BC8C-D7D0FAD433E8}.Release|Any CPU.Build.0 = Release|Any CPU
		{56C1B76C-7945-433F-BB6C-1ED234D8E1C7}.Debug|Any CPU.ActiveCfg = Debug|Any CPU
		{56C1B76C-7945-433F-BB6C-1ED234D8E1C7}.Debug|Any CPU.Build.0 = Debug|Any CPU
		{56C1B76C-7945-433F-BB6C-1ED234D8E1C7}.Release|Any CPU.ActiveCfg = Release|Any CPU
		{56C1B76C-7945-433F-BB6C-1ED234D8E1C7}.Release|Any CPU.Build.0 = Release|Any CPU
	EndGlobalSection
	GlobalSection(SolutionProperties) = preSolution
		HideSolutionNode = FALSE
	EndGlobalSection
EndGlobal
